
Microsoft Visual Studio Solution File, Format Version 12.00
# Visual Studio Version 17
VisualStudioVersion = 17.14.36623.8
MinimumVisualStudioVersion = 10.0.40219.1
Project("{FAE04EC0-301F-11D3-BF4B-00C04F79EFBC}") = "Ex05.GameLogic", "Ex05.GameLogic\Ex05.GameLogic.csproj", "{E74122A5-62CE-47DE-8715-08ADCD9C75B4}"
EndProject
Project("{FAE04EC0-301F-11D3-BF4B-00C04F79EFBC}") = "Ex05.WindowsUI", "Ex05.WindowsUI\Ex05.WindowsUI.csproj", "{46059ABF-F075-44F9-92F3-12DFF0C038BD}"
EndProject
Global
	GlobalSection(SolutionConfigurationPlatforms) = preSolution
		Debug|Any CPU = Debug|Any CPU
		Release|Any CPU = Release|Any CPU
	EndGlobalSection
	GlobalSection(ProjectConfigurationPlatforms) = postSolution
		{E74122A5-62CE-47DE-8715-08ADCD9C75B4}.Debug|Any CPU.ActiveCfg = Debug|Any CPU
		{E74122A5-62CE-47DE-8715-08ADCD9C75B4}.Debug|Any CPU.Build.0 = Debug|Any CPU
		{E74122A5-62CE-47DE-8715-08ADCD9C75B4}.Release|Any CPU.ActiveCfg = Release|Any CPU
		{E74122A5-62CE-47DE-8715-08ADCD9C75B4}.Release|Any CPU.Build.0 = Release|Any CPU
		{46059ABF-F075-44F9-92F3-12DFF0C038BD}.Debug|Any CPU.ActiveCfg = Debug|Any CPU
		{46059ABF-F075-44F9-92F3-12DFF0C038BD}.Debug|Any CPU.Build.0 = Debug|Any CPU
		{46059ABF-F075-44F9-92F3-12DFF0C038BD}.Release|Any CPU.ActiveCfg = Release|Any CPU
		{46059ABF-F075-44F9-92F3-12DFF0C038BD}.Release|Any CPU.Build.0 = Release|Any CPU
	EndGlobalSection
	GlobalSection(SolutionProperties) = preSolution
		HideSolutionNode = FALSE
	EndGlobalSection
	GlobalSection(ExtensibilityGlobals) = postSolution
		SolutionGuid = {096E066F-BB47-438F-AB8D-C1F0877AC887}
	EndGlobalSection
EndGlobal
